
Microsoft Visual Studio Solution File, Format Version 12.00
# Visual Studio Version 17
VisualStudioVersion = 17.5.33424.131
MinimumVisualStudioVersion = 10.0.40219.1
Project("{FAE04EC0-301F-11D3-BF4B-00C04F79EFBC}") = "CandidateSystem.Server", "CandidateSystem\Server\CandidateSystem.Server.csproj", "{DE7A7DB5-0E7A-4DD6-871C-DDAECAC0DE68}"
EndProject
Project("{FAE04EC0-301F-11D3-BF4B-00C04F79EFBC}") = "CandidateSystem.Client", "CandidateSystem\Client\CandidateSystem.Client.csproj", "{C59C500B-7F5E-4AA2-A66A-A42B7B8C2CE3}"
EndProject
Project("{FAE04EC0-301F-11D3-BF4B-00C04F79EFBC}") = "CandidateSystem.Shared", "CandidateSystem\Shared\CandidateSystem.Shared.csproj", "{F52BC971-2C7C-4E94-AE71-DD0881CEA2FA}"
EndProject
Global
	GlobalSection(SolutionConfigurationPlatforms) = preSolution
		Debug|Any CPU = Debug|Any CPU
		Release|Any CPU = Release|Any CPU
	EndGlobalSection
	GlobalSection(ProjectConfigurationPlatforms) = postSolution
		{DE7A7DB5-0E7A-4DD6-871C-DDAECAC0DE68}.Debug|Any CPU.ActiveCfg = Debug|Any CPU
		{DE7A7DB5-0E7A-4DD6-871C-DDAECAC0DE68}.Debug|Any CPU.Build.0 = Debug|Any CPU
		{DE7A7DB5-0E7A-4DD6-871C-DDAECAC0DE68}.Release|Any CPU.ActiveCfg = Release|Any CPU
		{DE7A7DB5-0E7A-4DD6-871C-DDAECAC0DE68}.Release|Any CPU.Build.0 = Release|Any CPU
		{C59C500B-7F5E-4AA2-A66A-A42B7B8C2CE3}.Debug|Any CPU.ActiveCfg = Debug|Any CPU
		{C59C500B-7F5E-4AA2-A66A-A42B7B8C2CE3}.Debug|Any CPU.Build.0 = Debug|Any CPU
		{C59C500B-7F5E-4AA2-A66A-A42B7B8C2CE3}.Release|Any CPU.ActiveCfg = Release|Any CPU
		{C59C500B-7F5E-4AA2-A66A-A42B7B8C2CE3}.Release|Any CPU.Build.0 = Release|Any CPU
		{F52BC971-2C7C-4E94-AE71-DD0881CEA2FA}.Debug|Any CPU.ActiveCfg = Debug|Any CPU
		{F52BC971-2C7C-4E94-AE71-DD0881CEA2FA}.Debug|Any CPU.Build.0 = Debug|Any CPU
		{F52BC971-2C7C-4E94-AE71-DD0881CEA2FA}.Release|Any CPU.ActiveCfg = Release|Any CPU
		{F52BC971-2C7C-4E94-AE71-DD0881CEA2FA}.Release|Any CPU.Build.0 = Release|Any CPU
	EndGlobalSection
	GlobalSection(SolutionProperties) = preSolution
		HideSolutionNode = FALSE
	EndGlobalSection
	GlobalSection(ExtensibilityGlobals) = postSolution
		SolutionGuid = {59E26E05-6597-43F8-8913-8E3AF7A7AC98}
	EndGlobalSection
EndGlobal
